
Microsoft Visual Studio Solution File, Format Version 12.00
# Visual Studio Version 16
VisualStudioVersion = 16.0.30330.147
MinimumVisualStudioVersion = 10.0.40219.1
Project("{00D1A9C2-B5F0-4AF3-8072-F6C62B433612}") = "UserDB", "UserDB\UserDB.sqlproj", "{B77681A8-3172-4B44-926C-2641DAE74470}"
EndProject
Project("{00D1A9C2-B5F0-4AF3-8072-F6C62B433612}") = "ClubDB", "ClubDB\ClubDB.sqlproj", "{084950EB-0214-44D9-B38F-7871C8E1141B}"
EndProject
Project("{00D1A9C2-B5F0-4AF3-8072-F6C62B433612}") = "PaymentDB", "PaymentDB\PaymentDB.sqlproj", "{C7B4308F-4EB6-41C0-979B-27C7EDB917EE}"
EndProject
Global
	GlobalSection(SolutionConfigurationPlatforms) = preSolution
		Debug|Any CPU = Debug|Any CPU
		Release|Any CPU = Release|Any CPU
	EndGlobalSection
	GlobalSection(ProjectConfigurationPlatforms) = postSolution
		{B77681A8-3172-4B44-926C-2641DAE74470}.Debug|Any CPU.ActiveCfg = Debug|Any CPU
		{B77681A8-3172-4B44-926C-2641DAE74470}.Debug|Any CPU.Build.0 = Debug|Any CPU
		{B77681A8-3172-4B44-926C-2641DAE74470}.Debug|Any CPU.Deploy.0 = Debug|Any CPU
		{B77681A8-3172-4B44-926C-2641DAE74470}.Release|Any CPU.ActiveCfg = Release|Any CPU
		{B77681A8-3172-4B44-926C-2641DAE74470}.Release|Any CPU.Build.0 = Release|Any CPU
		{B77681A8-3172-4B44-926C-2641DAE74470}.Release|Any CPU.Deploy.0 = Release|Any CPU
		{084950EB-0214-44D9-B38F-7871C8E1141B}.Debug|Any CPU.ActiveCfg = Debug|Any CPU
		{084950EB-0214-44D9-B38F-7871C8E1141B}.Debug|Any CPU.Build.0 = Debug|Any CPU
		{084950EB-0214-44D9-B38F-7871C8E1141B}.Debug|Any CPU.Deploy.0 = Debug|Any CPU
		{084950EB-0214-44D9-B38F-7871C8E1141B}.Release|Any CPU.ActiveCfg = Release|Any CPU
		{084950EB-0214-44D9-B38F-7871C8E1141B}.Release|Any CPU.Build.0 = Release|Any CPU
		{084950EB-0214-44D9-B38F-7871C8E1141B}.Release|Any CPU.Deploy.0 = Release|Any CPU
		{C7B4308F-4EB6-41C0-979B-27C7EDB917EE}.Debug|Any CPU.ActiveCfg = Debug|Any CPU
		{C7B4308F-4EB6-41C0-979B-27C7EDB917EE}.Debug|Any CPU.Build.0 = Debug|Any CPU
		{C7B4308F-4EB6-41C0-979B-27C7EDB917EE}.Debug|Any CPU.Deploy.0 = Debug|Any CPU
		{C7B4308F-4EB6-41C0-979B-27C7EDB917EE}.Release|Any CPU.ActiveCfg = Release|Any CPU
		{C7B4308F-4EB6-41C0-979B-27C7EDB917EE}.Release|Any CPU.Build.0 = Release|Any CPU
		{C7B4308F-4EB6-41C0-979B-27C7EDB917EE}.Release|Any CPU.Deploy.0 = Release|Any CPU
	EndGlobalSection
	GlobalSection(SolutionProperties) = preSolution
		HideSolutionNode = FALSE
	EndGlobalSection
	GlobalSection(ExtensibilityGlobals) = postSolution
		SolutionGuid = {65A82895-50AA-4697-AD55-DA37EECCC476}
	EndGlobalSection
EndGlobal
