
Microsoft Visual Studio Solution File, Format Version 12.00
# Visual Studio Version 16
VisualStudioVersion = 16.0.30330.147
MinimumVisualStudioVersion = 10.0.40219.1
Project("{00D1A9C2-B5F0-4AF3-8072-F6C62B433612}") = "BookingDb", "BookingDb\BookingDb.sqlproj", "{0ABC84FD-7B6F-4719-9DBE-49AE8934AE7B}"
EndProject
Global
	GlobalSection(SolutionConfigurationPlatforms) = preSolution
		Debug|Any CPU = Debug|Any CPU
		Release|Any CPU = Release|Any CPU
	EndGlobalSection
	GlobalSection(ProjectConfigurationPlatforms) = postSolution
		{0ABC84FD-7B6F-4719-9DBE-49AE8934AE7B}.Debug|Any CPU.ActiveCfg = Debug|Any CPU
		{0ABC84FD-7B6F-4719-9DBE-49AE8934AE7B}.Debug|Any CPU.Build.0 = Debug|Any CPU
		{0ABC84FD-7B6F-4719-9DBE-49AE8934AE7B}.Debug|Any CPU.Deploy.0 = Debug|Any CPU
		{0ABC84FD-7B6F-4719-9DBE-49AE8934AE7B}.Release|Any CPU.ActiveCfg = Release|Any CPU
		{0ABC84FD-7B6F-4719-9DBE-49AE8934AE7B}.Release|Any CPU.Build.0 = Release|Any CPU
		{0ABC84FD-7B6F-4719-9DBE-49AE8934AE7B}.Release|Any CPU.Deploy.0 = Release|Any CPU
	EndGlobalSection
	GlobalSection(SolutionProperties) = preSolution
		HideSolutionNode = FALSE
	EndGlobalSection
	GlobalSection(ExtensibilityGlobals) = postSolution
		SolutionGuid = {65A82895-50AA-4697-AD55-DA37EECCC476}
	EndGlobalSection
EndGlobal
